
Microsoft Visual Studio Solution File, Format Version 12.00
# Visual Studio Version 17
VisualStudioVersion = 17.12.35514.174 d17.12
MinimumVisualStudioVersion = 10.0.40219.1
Project("{FAE04EC0-301F-11D3-BF4B-00C04F79EFBC}") = "Xadrez", "Xadrez\Xadrez.csproj", "{EEBB8FD5-3C1C-48F6-BDB2-31EF9ABF0784}"
EndProject
Project("{FAE04EC0-301F-11D3-BF4B-00C04F79EFBC}") = "XadrezTest", "XadrezTest\XadrezTest.csproj", "{26C18813-CC59-4263-8573-C721489D1BEF}"
EndProject
Global
	GlobalSection(SolutionConfigurationPlatforms) = preSolution
		Debug|Any CPU = Debug|Any CPU
		Release|Any CPU = Release|Any CPU
	EndGlobalSection
	GlobalSection(ProjectConfigurationPlatforms) = postSolution
		{EEBB8FD5-3C1C-48F6-BDB2-31EF9ABF0784}.Debug|Any CPU.ActiveCfg = Debug|Any CPU
		{EEBB8FD5-3C1C-48F6-BDB2-31EF9ABF0784}.Debug|Any CPU.Build.0 = Debug|Any CPU
		{EEBB8FD5-3C1C-48F6-BDB2-31EF9ABF0784}.Release|Any CPU.ActiveCfg = Release|Any CPU
		{EEBB8FD5-3C1C-48F6-BDB2-31EF9ABF0784}.Release|Any CPU.Build.0 = Release|Any CPU
		{26C18813-CC59-4263-8573-C721489D1BEF}.Debug|Any CPU.ActiveCfg = Debug|Any CPU
		{26C18813-CC59-4263-8573-C721489D1BEF}.Debug|Any CPU.Build.0 = Debug|Any CPU
		{26C18813-CC59-4263-8573-C721489D1BEF}.Release|Any CPU.ActiveCfg = Release|Any CPU
		{26C18813-CC59-4263-8573-C721489D1BEF}.Release|Any CPU.Build.0 = Release|Any CPU
	EndGlobalSection
	GlobalSection(SolutionProperties) = preSolution
		HideSolutionNode = FALSE
	EndGlobalSection
EndGlobal
